
Microsoft Visual Studio Solution File, Format Version 12.00
# Visual Studio Version 16
VisualStudioVersion = 16.0.29324.140
MinimumVisualStudioVersion = 10.0.40219.1
Project("{9A19103F-16F7-4668-BE54-9A1E7A4F7556}") = "Programowanie_obiektowe", "Programowanie_obiektowe\Programowanie_obiektowe.csproj", "{435985D3-106F-4718-B304-BAA7A3EDA3F8}"
EndProject
Project("{9A19103F-16F7-4668-BE54-9A1E7A4F7556}") = "lab2classlibrary", "lab2classlibrary\lab2classlibrary.csproj", "{D5CE7C7E-4DF4-4C58-A87A-860CC5B6507B}"
EndProject
Project("{FAE04EC0-301F-11D3-BF4B-00C04F79EFBC}") = "Lab4", "Lab4\Lab4.csproj", "{440F55D9-4744-4C06-BB24-52D6A20CF87B}"
EndProject
Global
	GlobalSection(SolutionConfigurationPlatforms) = preSolution
		Debug|Any CPU = Debug|Any CPU
		Release|Any CPU = Release|Any CPU
	EndGlobalSection
	GlobalSection(ProjectConfigurationPlatforms) = postSolution
		{435985D3-106F-4718-B304-BAA7A3EDA3F8}.Debug|Any CPU.ActiveCfg = Debug|Any CPU
		{435985D3-106F-4718-B304-BAA7A3EDA3F8}.Debug|Any CPU.Build.0 = Debug|Any CPU
		{435985D3-106F-4718-B304-BAA7A3EDA3F8}.Release|Any CPU.ActiveCfg = Release|Any CPU
		{435985D3-106F-4718-B304-BAA7A3EDA3F8}.Release|Any CPU.Build.0 = Release|Any CPU
		{D5CE7C7E-4DF4-4C58-A87A-860CC5B6507B}.Debug|Any CPU.ActiveCfg = Debug|Any CPU
		{D5CE7C7E-4DF4-4C58-A87A-860CC5B6507B}.Debug|Any CPU.Build.0 = Debug|Any CPU
		{D5CE7C7E-4DF4-4C58-A87A-860CC5B6507B}.Release|Any CPU.ActiveCfg = Release|Any CPU
		{D5CE7C7E-4DF4-4C58-A87A-860CC5B6507B}.Release|Any CPU.Build.0 = Release|Any CPU
		{440F55D9-4744-4C06-BB24-52D6A20CF87B}.Debug|Any CPU.ActiveCfg = Debug|Any CPU
		{440F55D9-4744-4C06-BB24-52D6A20CF87B}.Debug|Any CPU.Build.0 = Debug|Any CPU
		{440F55D9-4744-4C06-BB24-52D6A20CF87B}.Release|Any CPU.ActiveCfg = Release|Any CPU
		{440F55D9-4744-4C06-BB24-52D6A20CF87B}.Release|Any CPU.Build.0 = Release|Any CPU
	EndGlobalSection
	GlobalSection(SolutionProperties) = preSolution
		HideSolutionNode = FALSE
	EndGlobalSection
	GlobalSection(ExtensibilityGlobals) = postSolution
		SolutionGuid = {DF8D1389-E434-4B40-B9DE-C94D4BF434ED}
	EndGlobalSection
EndGlobal
